// !$*UTF8*$!
{
	archiveVersion = 1;
	classes = {
	};
	objectVersion = 56;
	objects = {

/* Begin PBXBuildFile section */
		EBEE8A362B5ECFAB00A73938 /* TradingCardsMacOSApp.swift in Sources */ = {isa = PBXBuildFile; fileRef = EBEE8A352B5ECFAB00A73938 /* TradingCardsMacOSApp.swift */; };
		EBEE8A382B5ECFAC00A73938 /* DetailView.swift in Sources */ = {isa = PBXBuildFile; fileRef = EBEE8A372B5ECFAC00A73938 /* DetailView.swift */; };
		EBEE8A3A2B5ECFB100A73938 /* Assets.xcassets in Resources */ = {isa = PBXBuildFile; fileRef = EBEE8A392B5ECFB100A73938 /* Assets.xcassets */; };
		EBEE8A3D2B5ECFB100A73938 /* Preview Assets.xcassets in Resources */ = {isa = PBXBuildFile; fileRef = EBEE8A3C2B5ECFB100A73938 /* Preview Assets.xcassets */; };
		EBEE8A492B6181F800A73938 /* TradingCard.swift in Sources */ = {isa = PBXBuildFile; fileRef = EBEE8A482B6181F800A73938 /* TradingCard.swift */; };
		EBEE8A4B2B61BADB00A73938 /* PlayerListView.swift in Sources */ = {isa = PBXBuildFile; fileRef = EBEE8A4A2B61BADB00A73938 /* PlayerListView.swift */; };
/* End PBXBuildFile section */

/* Begin PBXFileReference section */
		EBEE8A322B5ECFAB00A73938 /* TradingCardsMacOS.app */ = {isa = PBXFileReference; explicitFileType = wrapper.application; includeInIndex = 0; path = TradingCardsMacOS.app; sourceTree = BUILT_PRODUCTS_DIR; };
		EBEE8A352B5ECFAB00A73938 /* TradingCardsMacOSApp.swift */ = {isa = PBXFileReference; lastKnownFileType = sourcecode.swift; path = TradingCardsMacOSApp.swift; sourceTree = "<group>"; };
		EBEE8A372B5ECFAC00A73938 /* DetailView.swift */ = {isa = PBXFileReference; lastKnownFileType = sourcecode.swift; path = DetailView.swift; sourceTree = "<group>"; };
		EBEE8A392B5ECFB100A73938 /* Assets.xcassets */ = {isa = PBXFileReference; lastKnownFileType = folder.assetcatalog; path = Assets.xcassets; sourceTree = "<group>"; };
		EBEE8A3C2B5ECFB100A73938 /* Preview Assets.xcassets */ = {isa = PBXFileReference; lastKnownFileType = folder.assetcatalog; path = "Preview Assets.xcassets"; sourceTree = "<group>"; };
		EBEE8A3E2B5ECFB100A73938 /* TradingCardsMacOS.entitlements */ = {isa = PBXFileReference; lastKnownFileType = text.plist.entitlements; path = TradingCardsMacOS.entitlements; sourceTree = "<group>"; };
		EBEE8A482B6181F800A73938 /* TradingCard.swift */ = {isa = PBXFileReference; lastKnownFileType = sourcecode.swift; path = TradingCard.swift; sourceTree = "<group>"; };
		EBEE8A4A2B61BADB00A73938 /* PlayerListView.swift */ = {isa = PBXFileReference; lastKnownFileType = sourcecode.swift; path = PlayerListView.swift; sourceTree = "<group>"; };
/* End PBXFileReference section */

/* Begin PBXFrameworksBuildPhase section */
		EBEE8A2F2B5ECFAB00A73938 /* Frameworks */ = {
			isa = PBXFrameworksBuildPhase;
			buildActionMask = 2147483647;
			files = (
			);
			runOnlyForDeploymentPostprocessing = 0;
		};
/* End PBXFrameworksBuildPhase section */

/* Begin PBXGroup section */
		EBEE8A292B5ECFAB00A73938 = {
			isa = PBXGroup;
			children = (
				EBEE8A342B5ECFAB00A73938 /* TradingCardsMacOS */,
				EBEE8A332B5ECFAB00A73938 /* Products */,
			);
			sourceTree = "<group>";
		};
		EBEE8A332B5ECFAB00A73938 /* Products */ = {
			isa = PBXGroup;
			children = (
				EBEE8A322B5ECFAB00A73938 /* TradingCardsMacOS.app */,
			);
			name = Products;
			sourceTree = "<group>";
		};
		EBEE8A342B5ECFAB00A73938 /* TradingCardsMacOS */ = {
			isa = PBXGroup;
			children = (
				EBEE8A352B5ECFAB00A73938 /* TradingCardsMacOSApp.swift */,
				EBEE8A4D2B64013C00A73938 /* View */,
				EBEE8A4C2B64012600A73938 /* Model */,
				EBEE8A392B5ECFB100A73938 /* Assets.xcassets */,
				EBEE8A3E2B5ECFB100A73938 /* TradingCardsMacOS.entitlements */,
				EBEE8A3B2B5ECFB100A73938 /* Preview Content */,
			);
			path = TradingCardsMacOS;
			sourceTree = "<group>";
		};
		EBEE8A3B2B5ECFB100A73938 /* Preview Content */ = {
			isa = PBXGroup;
			children = (
				EBEE8A3C2B5ECFB100A73938 /* Preview Assets.xcassets */,
			);
			path = "Preview Content";
			sourceTree = "<group>";
		};
		EBEE8A4C2B64012600A73938 /* Model */ = {
			isa = PBXGroup;
			children = (
				EBEE8A482B6181F800A73938 /* TradingCard.swift */,
			);
			path = Model;
			sourceTree = "<group>";
		};
		EBEE8A4D2B64013C00A73938 /* View */ = {
			isa = PBXGroup;
			children = (
				EBEE8A372B5ECFAC00A73938 /* DetailView.swift */,
				EBEE8A4A2B61BADB00A73938 /* PlayerListView.swift */,
			);
			path = View;
			sourceTree = "<group>";
		};
/* End PBXGroup section */

/* Begin PBXNativeTarget section */
		EBEE8A312B5ECFAB00A73938 /* TradingCardsMacOS */ = {
			isa = PBXNativeTarget;
			buildConfigurationList = EBEE8A412B5ECFB100A73938 /* Build configuration list for PBXNativeTarget "TradingCardsMacOS" */;
			buildPhases = (
				EBEE8A2E2B5ECFAB00A73938 /* Sources */,
				EBEE8A2F2B5ECFAB00A73938 /* Frameworks */,
				EBEE8A302B5ECFAB00A73938 /* Resources */,
			);
			buildRules = (
			);
			dependencies = (
			);
			name = TradingCardsMacOS;
			productName = TradingCardsMacOS;
			productReference = EBEE8A322B5ECFAB00A73938 /* TradingCardsMacOS.app */;
			productType = "com.apple.product-type.application";
		};
/* End PBXNativeTarget section */

/* Begin PBXProject section */
		EBEE8A2A2B5ECFAB00A73938 /* Project object */ = {
			isa = PBXProject;
			attributes = {
				BuildIndependentTargetsInParallel = 1;
				LastSwiftUpdateCheck = 1520;
				LastUpgradeCheck = 1520;
				TargetAttributes = {
					EBEE8A312B5ECFAB00A73938 = {
						CreatedOnToolsVersion = 15.2;
					};
				};
			};
			buildConfigurationList = EBEE8A2D2B5ECFAB00A73938 /* Build configuration list for PBXProject "TradingCardsMacOS" */;
			compatibilityVersion = "Xcode 14.0";
			developmentRegion = en;
			hasScannedForEncodings = 0;
			knownRegions = (
				en,
				Base,
			);
			mainGroup = EBEE8A292B5ECFAB00A73938;
			productRefGroup = EBEE8A332B5ECFAB00A73938 /* Products */;
			projectDirPath = "";
			projectRoot = "";
			targets = (
				EBEE8A312B5ECFAB00A73938 /* TradingCardsMacOS */,
			);
		};
/* End PBXProject section */

/* Begin PBXResourcesBuildPhase section */
		EBEE8A302B5ECFAB00A73938 /* Resources */ = {
			isa = PBXResourcesBuildPhase;
			buildActionMask = 2147483647;
			files = (
				EBEE8A3D2B5ECFB100A73938 /* Preview Assets.xcassets in Resources */,
				EBEE8A3A2B5ECFB100A73938 /* Assets.xcassets in Resources */,
			);
			runOnlyForDeploymentPostprocessing = 0;
		};
/* End PBXResourcesBuildPhase section */

/* Begin PBXSourcesBuildPhase section */
		EBEE8A2E2B5ECFAB00A73938 /* Sources */ = {
			isa = PBXSourcesBuildPhase;
			buildActionMask = 2147483647;
			files = (
				EBEE8A382B5ECFAC00A73938 /* DetailView.swift in Sources */,
				EBEE8A362B5ECFAB00A73938 /* TradingCardsMacOSApp.swift in Sources */,
				EBEE8A492B6181F800A73938 /* TradingCard.swift in Sources */,
				EBEE8A4B2B61BADB00A73938 /* PlayerListView.swift in Sources */,
			);
			runOnlyForDeploymentPostprocessing = 0;
		};
/* End PBXSourcesBuildPhase section */

/* Begin XCBuildConfiguration section */
		EBEE8A3F2B5ECFB100A73938 /* Debug */ = {
			isa = XCBuildConfiguration;
			buildSettings = {
				ALWAYS_SEARCH_USER_PATHS = NO;
				ASSETCATALOG_COMPILER_GENERATE_SWIFT_ASSET_SYMBOL_EXTENSIONS = YES;
				CLANG_ANALYZER_NONNULL = YES;
				CLANG_ANALYZER_NUMBER_OBJECT_CONVERSION = YES_AGGRESSIVE;
				CLANG_CXX_LANGUAGE_STANDARD = "gnu++20";
				CLANG_ENABLE_MODULES = YES;
				CLANG_ENABLE_OBJC_ARC = YES;
				CLANG_ENABLE_OBJC_WEAK = YES;
				CLANG_WARN_BLOCK_CAPTURE_AUTORELEASING = YES;
				CLANG_WARN_BOOL_CONVERSION = YES;
				CLANG_WARN_COMMA = YES;
				CLANG_WARN_CONSTANT_CONVERSION = YES;
				CLANG_WARN_DEPRECATED_OBJC_IMPLEMENTATIONS = YES;
				CLANG_WARN_DIRECT_OBJC_ISA_USAGE = YES_ERROR;
				CLANG_WARN_DOCUMENTATION_COMMENTS = YES;
				CLANG_WARN_EMPTY_BODY = YES;
				CLANG_WARN_ENUM_CONVERSION = YES;
				CLANG_WARN_INFINITE_RECURSION = YES;
				CLANG_WARN_INT_CONVERSION = YES;
				CLANG_WARN_NON_LITERAL_NULL_CONVERSION = YES;
				CLANG_WARN_OBJC_IMPLICIT_RETAIN_SELF = YES;
				CLANG_WARN_OBJC_LITERAL_CONVERSION = YES;
				CLANG_WARN_OBJC_ROOT_CLASS = YES_ERROR;
				CLANG_WARN_QUOTED_INCLUDE_IN_FRAMEWORK_HEADER = YES;
				CLANG_WARN_RANGE_LOOP_ANALYSIS = YES;
				CLANG_WARN_STRICT_PROTOTYPES = YES;
				CLANG_WARN_SUSPICIOUS_MOVE = YES;
				CLANG_WARN_UNGUARDED_AVAILABILITY = YES_AGGRESSIVE;
				CLANG_WARN_UNREACHABLE_CODE = YES;
				CLANG_WARN__DUPLICATE_METHOD_MATCH = YES;
				COPY_PHASE_STRIP = NO;
				DEBUG_INFORMATION_FORMAT = dwarf;
				ENABLE_STRICT_OBJC_MSGSEND = YES;
				ENABLE_TESTABILITY = YES;
				ENABLE_USER_SCRIPT_SANDBOXING = YES;
				GCC_C_LANGUAGE_STANDARD = gnu17;
				GCC_DYNAMIC_NO_PIC = NO;
				GCC_NO_COMMON_BLOCKS = YES;
				GCC_OPTIMIZATION_LEVEL = 0;
				GCC_PREPROCESSOR_DEFINITIONS = (
					"DEBUG=1",
					"$(inherited)",
				);
				GCC_WARN_64_TO_32_BIT_CONVERSION = YES;
				GCC_WARN_ABOUT_RETURN_TYPE = YES_ERROR;
				GCC_WARN_UNDECLARED_SELECTOR = YES;
				GCC_WARN_UNINITIALIZED_AUTOS = YES_AGGRESSIVE;
				GCC_WARN_UNUSED_FUNCTION = YES;
				GCC_WARN_UNUSED_VARIABLE = YES;
				LOCALIZATION_PREFERS_STRING_CATALOGS = YES;
				MACOSX_DEPLOYMENT_TARGET = 14.2;
				MTL_ENABLE_DEBUG_INFO = INCLUDE_SOURCE;
				MTL_FAST_MATH = YES;
				ONLY_ACTIVE_ARCH = YES;
				SDKROOT = macosx;
				SWIFT_ACTIVE_COMPILATION_CONDITIONS = "DEBUG $(inherited)";
				SWIFT_OPTIMIZATION_LEVEL = "-Onone";
			};
			name = Debug;
		};
		EBEE8A402B5ECFB100A73938 /* Release */ = {
			isa = XCBuildConfiguration;
			buildSettings = {
				ALWAYS_SEARCH_USER_PATHS = NO;
				ASSETCATALOG_COMPILER_GENERATE_SWIFT_ASSET_SYMBOL_EXTENSIONS = YES;
				CLANG_ANALYZER_NONNULL = YES;
				CLANG_ANALYZER_NUMBER_OBJECT_CONVERSION = YES_AGGRESSIVE;
				CLANG_CXX_LANGUAGE_STANDARD = "gnu++20";
				CLANG_ENABLE_MODULES = YES;
				CLANG_ENABLE_OBJC_ARC = YES;
				CLANG_ENABLE_OBJC_WEAK = YES;
				CLANG_WARN_BLOCK_CAPTURE_AUTORELEASING = YES;
				CLANG_WARN_BOOL_CONVERSION = YES;
				CLANG_WARN_COMMA = YES;
				CLANG_WARN_CONSTANT_CONVERSION = YES;
				CLANG_WARN_DEPRECATED_OBJC_IMPLEMENTATIONS = YES;
				CLANG_WARN_DIRECT_OBJC_ISA_USAGE = YES_ERROR;
				CLANG_WARN_DOCUMENTATION_COMMENTS = YES;
				CLANG_WARN_EMPTY_BODY = YES;
				CLANG_WARN_ENUM_CONVERSION = YES;
				CLANG_WARN_INFINITE_RECURSION = YES;
				CLANG_WARN_INT_CONVERSION = YES;
				CLANG_WARN_NON_LITERAL_NULL_CONVERSION = YES;
				CLANG_WARN_OBJC_IMPLICIT_RETAIN_SELF = YES;
				CLANG_WARN_OBJC_LITERAL_CONVERSION = YES;
				CLANG_WARN_OBJC_ROOT_CLASS = YES_ERROR;
				CLANG_WARN_QUOTED_INCLUDE_IN_FRAMEWORK_HEADER = YES;
				CLANG_WARN_RANGE_LOOP_ANALYSIS = YES;
				CLANG_WARN_STRICT_PROTOTYPES = YES;
				CLANG_WARN_SUSPICIOUS_MOVE = YES;
				CLANG_WARN_UNGUARDED_AVAILABILITY = YES_AGGRESSIVE;
				CLANG_WARN_UNREACHABLE_CODE = YES;
				CLANG_WARN__DUPLICATE_METHOD_MATCH = YES;
				COPY_PHASE_STRIP = NO;
				DEBUG_INFORMATION_FORMAT = "dwarf-with-dsym";
				ENABLE_NS_ASSERTIONS = NO;
				ENABLE_STRICT_OBJC_MSGSEND = YES;
				ENABLE_USER_SCRIPT_SANDBOXING = YES;
				GCC_C_LANGUAGE_STANDARD = gnu17;
				GCC_NO_COMMON_BLOCKS = YES;
				GCC_WARN_64_TO_32_BIT_CONVERSION = YES;
				GCC_WARN_ABOUT_RETURN_TYPE = YES_ERROR;
				GCC_WARN_UNDECLARED_SELECTOR = YES;
				GCC_WARN_UNINITIALIZED_AUTOS = YES_AGGRESSIVE;
				GCC_WARN_UNUSED_FUNCTION = YES;
				GCC_WARN_UNUSED_VARIABLE = YES;
				LOCALIZATION_PREFERS_STRING_CATALOGS = YES;
				MACOSX_DEPLOYMENT_TARGET = 14.2;
				MTL_ENABLE_DEBUG_INFO = NO;
				MTL_FAST_MATH = YES;
				SDKROOT = macosx;
				SWIFT_COMPILATION_MODE = wholemodule;
			};
			name = Release;
		};
		EBEE8A422B5ECFB100A73938 /* Debug */ = {
			isa = XCBuildConfiguration;
			buildSettings = {
				ASSETCATALOG_COMPILER_APPICON_NAME = AppIcon;
				ASSETCATALOG_COMPILER_GLOBAL_ACCENT_COLOR_NAME = AccentColor;
				CODE_SIGN_ENTITLEMENTS = TradingCardsMacOS/TradingCardsMacOS.entitlements;
				CODE_SIGN_STYLE = Automatic;
				COMBINE_HIDPI_IMAGES = YES;
				CURRENT_PROJECT_VERSION = 1;
				DEVELOPMENT_ASSET_PATHS = "\"TradingCardsMacOS/Preview Content\"";
				DEVELOPMENT_TEAM = 7ZHD9MU8BZ;
				ENABLE_HARDENED_RUNTIME = YES;
				ENABLE_PREVIEWS = YES;
				GENERATE_INFOPLIST_FILE = YES;
				INFOPLIST_KEY_NSHumanReadableCopyright = "";
				LD_RUNPATH_SEARCH_PATHS = (
					"$(inherited)",
					"@executable_path/../Frameworks",
				);
				MARKETING_VERSION = 1.0;
				PRODUCT_BUNDLE_IDENTIFIER = ca.hirotanaka.TradingCardsMacOS;
				PRODUCT_NAME = "$(TARGET_NAME)";
				SWIFT_EMIT_LOC_STRINGS = YES;
				SWIFT_VERSION = 5.0;
			};
			name = Debug;
		};
		EBEE8A432B5ECFB100A73938 /* Release */ = {
			isa = XCBuildConfiguration;
			buildSettings = {
				ASSETCATALOG_COMPILER_APPICON_NAME = AppIcon;
				ASSETCATALOG_COMPILER_GLOBAL_ACCENT_COLOR_NAME = AccentColor;
				CODE_SIGN_ENTITLEMENTS = TradingCardsMacOS/TradingCardsMacOS.entitlements;
				CODE_SIGN_STYLE = Automatic;
				COMBINE_HIDPI_IMAGES = YES;
				CURRENT_PROJECT_VERSION = 1;
				DEVELOPMENT_ASSET_PATHS = "\"TradingCardsMacOS/Preview Content\"";
				DEVELOPMENT_TEAM = 7ZHD9MU8BZ;
				ENABLE_HARDENED_RUNTIME = YES;
				ENABLE_PREVIEWS = YES;
				GENERATE_INFOPLIST_FILE = YES;
				INFOPLIST_KEY_NSHumanReadableCopyright = "";
				LD_RUNPATH_SEARCH_PATHS = (
					"$(inherited)",
					"@executable_path/../Frameworks",
				);
				MARKETING_VERSION = 1.0;
				PRODUCT_BUNDLE_IDENTIFIER = ca.hirotanaka.TradingCardsMacOS;
				PRODUCT_NAME = "$(TARGET_NAME)";
				SWIFT_EMIT_LOC_STRINGS = YES;
				SWIFT_VERSION = 5.0;
			};
			name = Release;
		};
/* End XCBuildConfiguration section */

/* Begin XCConfigurationList section */
		EBEE8A2D2B5ECFAB00A73938 /* Build configuration list for PBXProject "TradingCardsMacOS" */ = {
			isa = XCConfigurationList;
			buildConfigurations = (
				EBEE8A3F2B5ECFB100A73938 /* Debug */,
				EBEE8A402B5ECFB100A73938 /* Release */,
			);
			defaultConfigurationIsVisible = 0;
			defaultConfigurationName = Release;
		};
		EBEE8A412B5ECFB100A73938 /* Build configuration list for PBXNativeTarget "TradingCardsMacOS" */ = {
			isa = XCConfigurationList;
			buildConfigurations = (
				EBEE8A422B5ECFB100A73938 /* Debug */,
				EBEE8A432B5ECFB100A73938 /* Release */,
			);
			defaultConfigurationIsVisible = 0;
			defaultConfigurationName = Release;
		};
/* End XCConfigurationList section */
	};
	rootObject = EBEE8A2A2B5ECFAB00A73938 /* Project object */;
}
